// !$*UTF8*$!
{
	archiveVersion = 1;
	classes = {
	};
	objectVersion = 55;
	objects = {

/* Begin PBXBuildFile section */
		0C07D1FA28770C9D0098A51F /* MapWidgetEntryView.swift in Sources */ = {isa = PBXBuildFile; fileRef = 0C07D1F728770C200098A51F /* MapWidgetEntryView.swift */; };
		0CBAE55929113EBF00F20688 /* WBClockWidget.swift in Sources */ = {isa = PBXBuildFile; fileRef = 0CBAE55829113EBF00F20688 /* WBClockWidget.swift */; };
		0CBAE55B29113EDA00F20688 /* WBClockWidgetEntryView.swift in Sources */ = {isa = PBXBuildFile; fileRef = 0CBAE55A29113EDA00F20688 /* WBClockWidgetEntryView.swift */; };
		0CBAE55D29113EFA00F20688 /* WBClockWidgetModel.swift in Sources */ = {isa = PBXBuildFile; fileRef = 0CBAE55C29113EFA00F20688 /* WBClockWidgetModel.swift */; };
		C23488A22870954A006EC104 /* WBWidgetDemoApp.swift in Sources */ = {isa = PBXBuildFile; fileRef = C23488A12870954A006EC104 /* WBWidgetDemoApp.swift */; };
		C23488A42870954A006EC104 /* ContentView.swift in Sources */ = {isa = PBXBuildFile; fileRef = C23488A32870954A006EC104 /* ContentView.swift */; };
		C23488A62870954C006EC104 /* Assets.xcassets in Resources */ = {isa = PBXBuildFile; fileRef = C23488A52870954C006EC104 /* Assets.xcassets */; };
		C23488A92870954C006EC104 /* Preview Assets.xcassets in Resources */ = {isa = PBXBuildFile; fileRef = C23488A82870954C006EC104 /* Preview Assets.xcassets */; };
		C23488B128709F55006EC104 /* FeedKit in Frameworks */ = {isa = PBXBuildFile; productRef = C23488B028709F55006EC104 /* FeedKit */; };
		C23488B628709FB0006EC104 /* OneWordData.swift in Sources */ = {isa = PBXBuildFile; fileRef = C23488B528709FB0006EC104 /* OneWordData.swift */; };
		C23488B828714B09006EC104 /* RSSData.swift in Sources */ = {isa = PBXBuildFile; fileRef = C23488B728714B09006EC104 /* RSSData.swift */; };
		C23488BA28714B7D006EC104 /* IdiomData.swift in Sources */ = {isa = PBXBuildFile; fileRef = C23488B928714B7D006EC104 /* IdiomData.swift */; };
		C23488BC28714BE0006EC104 /* EnglishWordData.swift in Sources */ = {isa = PBXBuildFile; fileRef = C23488BB28714BE0006EC104 /* EnglishWordData.swift */; };
		C23488BE28714D17006EC104 /* PayToolsView.swift in Sources */ = {isa = PBXBuildFile; fileRef = C23488BD28714D17006EC104 /* PayToolsView.swift */; };
		C23488C62871686B006EC104 /* WidgetKit.framework in Frameworks */ = {isa = PBXBuildFile; fileRef = C23488C52871686B006EC104 /* WidgetKit.framework */; };
		C23488C82871686B006EC104 /* SwiftUI.framework in Frameworks */ = {isa = PBXBuildFile; fileRef = C23488C72871686B006EC104 /* SwiftUI.framework */; };
		C23488CB2871686B006EC104 /* MainWidget.swift in Sources */ = {isa = PBXBuildFile; fileRef = C23488CA2871686B006EC104 /* MainWidget.swift */; };
		C23488CE2871686D006EC104 /* Assets.xcassets in Resources */ = {isa = PBXBuildFile; fileRef = C23488CD2871686D006EC104 /* Assets.xcassets */; };
		C23488D02871686D006EC104 /* MainWidget.intentdefinition in Sources */ = {isa = PBXBuildFile; fileRef = C23488CC2871686B006EC104 /* MainWidget.intentdefinition */; };
		C23488D12871686D006EC104 /* MainWidget.intentdefinition in Sources */ = {isa = PBXBuildFile; fileRef = C23488CC2871686B006EC104 /* MainWidget.intentdefinition */; };
		C23488D42871686D006EC104 /* MainWidgetExtension.appex in Embed App Extensions */ = {isa = PBXBuildFile; fileRef = C23488C32871686B006EC104 /* MainWidgetExtension.appex */; settings = {ATTRIBUTES = (RemoveHeadersOnCopy, ); }; };
		C23488DC2871696A006EC104 /* PlayTools.swift in Sources */ = {isa = PBXBuildFile; fileRef = C23488DB2871696A006EC104 /* PlayTools.swift */; };
		C23488DD28716C5E006EC104 /* PayToolsView.swift in Sources */ = {isa = PBXBuildFile; fileRef = C23488BD28714D17006EC104 /* PayToolsView.swift */; };
		C23488E2287174DA006EC104 /* ContentView1.swift in Sources */ = {isa = PBXBuildFile; fileRef = C23488E1287174DA006EC104 /* ContentView1.swift */; };
		C23488E62871752F006EC104 /* Contact.swift in Sources */ = {isa = PBXBuildFile; fileRef = C23488E52871752F006EC104 /* Contact.swift */; };
		C23488E828717558006EC104 /* FileManager+Ext.swift in Sources */ = {isa = PBXBuildFile; fileRef = C23488E728717558006EC104 /* FileManager+Ext.swift */; };
		C23488EA28717567006EC104 /* UserDefaults+Ext.swift in Sources */ = {isa = PBXBuildFile; fileRef = C23488E928717567006EC104 /* UserDefaults+Ext.swift */; };
		C23488EC28717572006EC104 /* Widget+Kind.swift in Sources */ = {isa = PBXBuildFile; fileRef = C23488EB28717572006EC104 /* Widget+Kind.swift */; };
		C23488EE28717AF5006EC104 /* DynamicIntentWidget.swift in Sources */ = {isa = PBXBuildFile; fileRef = C23488ED28717AF5006EC104 /* DynamicIntentWidget.swift */; };
		C23488F028717B38006EC104 /* DynamicPersonSelection.intentdefinition in Sources */ = {isa = PBXBuildFile; fileRef = C23488EF28717B38006EC104 /* DynamicPersonSelection.intentdefinition */; };
		C23488F128717B38006EC104 /* DynamicPersonSelection.intentdefinition in Sources */ = {isa = PBXBuildFile; fileRef = C23488EF28717B38006EC104 /* DynamicPersonSelection.intentdefinition */; };
		C23488F328717CFB006EC104 /* Contact.swift in Sources */ = {isa = PBXBuildFile; fileRef = C23488E52871752F006EC104 /* Contact.swift */; };
		C23488F428717D90006EC104 /* UserDefaults+Ext.swift in Sources */ = {isa = PBXBuildFile; fileRef = C23488E928717567006EC104 /* UserDefaults+Ext.swift */; };
		C23488F52871803C006EC104 /* Widget+Kind.swift in Sources */ = {isa = PBXBuildFile; fileRef = C23488EB28717572006EC104 /* Widget+Kind.swift */; };
		C2E5DE9828718A9800503F55 /* Intents.framework in Frameworks */ = {isa = PBXBuildFile; fileRef = C2E5DE9728718A9800503F55 /* Intents.framework */; };
		C2E5DE9B28718A9800503F55 /* IntentHandler.swift in Sources */ = {isa = PBXBuildFile; fileRef = C2E5DE9A28718A9800503F55 /* IntentHandler.swift */; };
		C2E5DE9F28718A9800503F55 /* IntentHandler.appex in Embed App Extensions */ = {isa = PBXBuildFile; fileRef = C2E5DE9628718A9800503F55 /* IntentHandler.appex */; settings = {ATTRIBUTES = (RemoveHeadersOnCopy, ); }; };
		C2E5DEA528718B2000503F55 /* DynamicPersonSelection.intentdefinition in Sources */ = {isa = PBXBuildFile; fileRef = C23488EF28717B38006EC104 /* DynamicPersonSelection.intentdefinition */; };
		C2E5DEA628718B8900503F55 /* Contact.swift in Sources */ = {isa = PBXBuildFile; fileRef = C23488E52871752F006EC104 /* Contact.swift */; };
		C2E5DEA728718C1800503F55 /* UserDefaults+Ext.swift in Sources */ = {isa = PBXBuildFile; fileRef = C23488E928717567006EC104 /* UserDefaults+Ext.swift */; };
/* End PBXBuildFile section */

/* Begin PBXContainerItemProxy section */
		C23488D22871686D006EC104 /* PBXContainerItemProxy */ = {
			isa = PBXContainerItemProxy;
			containerPortal = C23488962870954A006EC104 /* Project object */;
			proxyType = 1;
			remoteGlobalIDString = C23488C22871686B006EC104;
			remoteInfo = MainWidgetExtension;
		};
		C2E5DE9D28718A9800503F55 /* PBXContainerItemProxy */ = {
			isa = PBXContainerItemProxy;
			containerPortal = C23488962870954A006EC104 /* Project object */;
			proxyType = 1;
			remoteGlobalIDString = C2E5DE9528718A9800503F55;
			remoteInfo = IntentHandler;
		};
/* End PBXContainerItemProxy section */

/* Begin PBXCopyFilesBuildPhase section */
		C23488D82871686D006EC104 /* Embed App Extensions */ = {
			isa = PBXCopyFilesBuildPhase;
			buildActionMask = 2147483647;
			dstPath = "";
			dstSubfolderSpec = 13;
			files = (
				C23488D42871686D006EC104 /* MainWidgetExtension.appex in Embed App Extensions */,
				C2E5DE9F28718A9800503F55 /* IntentHandler.appex in Embed App Extensions */,
			);
			name = "Embed App Extensions";
			runOnlyForDeploymentPostprocessing = 0;
		};
/* End PBXCopyFilesBuildPhase section */

/* Begin PBXFileReference section */
		0C07D1F728770C200098A51F /* MapWidgetEntryView.swift */ = {isa = PBXFileReference; lastKnownFileType = sourcecode.swift; path = MapWidgetEntryView.swift; sourceTree = "<group>"; };
		0CBAE55829113EBF00F20688 /* WBClockWidget.swift */ = {isa = PBXFileReference; lastKnownFileType = sourcecode.swift; path = WBClockWidget.swift; sourceTree = "<group>"; };
		0CBAE55A29113EDA00F20688 /* WBClockWidgetEntryView.swift */ = {isa = PBXFileReference; lastKnownFileType = sourcecode.swift; path = WBClockWidgetEntryView.swift; sourceTree = "<group>"; };
		0CBAE55C29113EFA00F20688 /* WBClockWidgetModel.swift */ = {isa = PBXFileReference; lastKnownFileType = sourcecode.swift; path = WBClockWidgetModel.swift; sourceTree = "<group>"; };
		C234889E2870954A006EC104 /* WBWidgetDemo.app */ = {isa = PBXFileReference; explicitFileType = wrapper.application; includeInIndex = 0; path = WBWidgetDemo.app; sourceTree = BUILT_PRODUCTS_DIR; };
		C23488A12870954A006EC104 /* WBWidgetDemoApp.swift */ = {isa = PBXFileReference; lastKnownFileType = sourcecode.swift; path = WBWidgetDemoApp.swift; sourceTree = "<group>"; };
		C23488A32870954A006EC104 /* ContentView.swift */ = {isa = PBXFileReference; lastKnownFileType = sourcecode.swift; path = ContentView.swift; sourceTree = "<group>"; };
		C23488A52870954C006EC104 /* Assets.xcassets */ = {isa = PBXFileReference; lastKnownFileType = folder.assetcatalog; path = Assets.xcassets; sourceTree = "<group>"; };
		C23488A82870954C006EC104 /* Preview Assets.xcassets */ = {isa = PBXFileReference; lastKnownFileType = folder.assetcatalog; path = "Preview Assets.xcassets"; sourceTree = "<group>"; };
		C23488B528709FB0006EC104 /* OneWordData.swift */ = {isa = PBXFileReference; lastKnownFileType = sourcecode.swift; path = OneWordData.swift; sourceTree = "<group>"; };
		C23488B728714B09006EC104 /* RSSData.swift */ = {isa = PBXFileReference; lastKnownFileType = sourcecode.swift; path = RSSData.swift; sourceTree = "<group>"; };
		C23488B928714B7D006EC104 /* IdiomData.swift */ = {isa = PBXFileReference; lastKnownFileType = sourcecode.swift; path = IdiomData.swift; sourceTree = "<group>"; };
		C23488BB28714BE0006EC104 /* EnglishWordData.swift */ = {isa = PBXFileReference; lastKnownFileType = sourcecode.swift; path = EnglishWordData.swift; sourceTree = "<group>"; };
		C23488BD28714D17006EC104 /* PayToolsView.swift */ = {isa = PBXFileReference; lastKnownFileType = sourcecode.swift; path = PayToolsView.swift; sourceTree = "<group>"; };
		C23488C32871686B006EC104 /* MainWidgetExtension.appex */ = {isa = PBXFileReference; explicitFileType = "wrapper.app-extension"; includeInIndex = 0; path = MainWidgetExtension.appex; sourceTree = BUILT_PRODUCTS_DIR; };
		C23488C52871686B006EC104 /* WidgetKit.framework */ = {isa = PBXFileReference; lastKnownFileType = wrapper.framework; name = WidgetKit.framework; path = System/Library/Frameworks/WidgetKit.framework; sourceTree = SDKROOT; };
		C23488C72871686B006EC104 /* SwiftUI.framework */ = {isa = PBXFileReference; lastKnownFileType = wrapper.framework; name = SwiftUI.framework; path = System/Library/Frameworks/SwiftUI.framework; sourceTree = SDKROOT; };
		C23488CA2871686B006EC104 /* MainWidget.swift */ = {isa = PBXFileReference; lastKnownFileType = sourcecode.swift; path = MainWidget.swift; sourceTree = "<group>"; };
		C23488CC2871686B006EC104 /* MainWidget.intentdefinition */ = {isa = PBXFileReference; lastKnownFileType = file.intentdefinition; path = MainWidget.intentdefinition; sourceTree = "<group>"; };
		C23488CD2871686D006EC104 /* Assets.xcassets */ = {isa = PBXFileReference; lastKnownFileType = folder.assetcatalog; path = Assets.xcassets; sourceTree = "<group>"; };
		C23488CF2871686D006EC104 /* Info.plist */ = {isa = PBXFileReference; lastKnownFileType = text.plist.xml; path = Info.plist; sourceTree = "<group>"; };
		C23488DB2871696A006EC104 /* PlayTools.swift */ = {isa = PBXFileReference; lastKnownFileType = sourcecode.swift; path = PlayTools.swift; sourceTree = "<group>"; };
		C23488DE287172A7006EC104 /* WBWidgetDemo.entitlements */ = {isa = PBXFileReference; lastKnownFileType = text.plist.entitlements; path = WBWidgetDemo.entitlements; sourceTree = "<group>"; };
		C23488E1287174DA006EC104 /* ContentView1.swift */ = {isa = PBXFileReference; lastKnownFileType = sourcecode.swift; path = ContentView1.swift; sourceTree = "<group>"; };
		C23488E52871752F006EC104 /* Contact.swift */ = {isa = PBXFileReference; lastKnownFileType = sourcecode.swift; path = Contact.swift; sourceTree = "<group>"; };
		C23488E728717558006EC104 /* FileManager+Ext.swift */ = {isa = PBXFileReference; lastKnownFileType = sourcecode.swift; path = "FileManager+Ext.swift"; sourceTree = "<group>"; };
		C23488E928717567006EC104 /* UserDefaults+Ext.swift */ = {isa = PBXFileReference; lastKnownFileType = sourcecode.swift; path = "UserDefaults+Ext.swift"; sourceTree = "<group>"; };
		C23488EB28717572006EC104 /* Widget+Kind.swift */ = {isa = PBXFileReference; lastKnownFileType = sourcecode.swift; path = "Widget+Kind.swift"; sourceTree = "<group>"; };
		C23488ED28717AF5006EC104 /* DynamicIntentWidget.swift */ = {isa = PBXFileReference; lastKnownFileType = sourcecode.swift; path = DynamicIntentWidget.swift; sourceTree = "<group>"; };
		C23488EF28717B38006EC104 /* DynamicPersonSelection.intentdefinition */ = {isa = PBXFileReference; lastKnownFileType = file.intentdefinition; path = DynamicPersonSelection.intentdefinition; sourceTree = "<group>"; };
		C23488F228717C37006EC104 /* Info.plist */ = {isa = PBXFileReference; lastKnownFileType = text.plist; path = Info.plist; sourceTree = "<group>"; };
		C2A19AA128718D9600831BF8 /* MainWidgetExtension.entitlements */ = {isa = PBXFileReference; lastKnownFileType = text.plist.entitlements; path = MainWidgetExtension.entitlements; sourceTree = "<group>"; };
		C2A19AA228718DBE00831BF8 /* IntentHandler.entitlements */ = {isa = PBXFileReference; lastKnownFileType = text.plist.entitlements; path = IntentHandler.entitlements; sourceTree = "<group>"; };
		C2E5DE9628718A9800503F55 /* IntentHandler.appex */ = {isa = PBXFileReference; explicitFileType = "wrapper.app-extension"; includeInIndex = 0; path = IntentHandler.appex; sourceTree = BUILT_PRODUCTS_DIR; };
		C2E5DE9728718A9800503F55 /* Intents.framework */ = {isa = PBXFileReference; lastKnownFileType = wrapper.framework; name = Intents.framework; path = System/Library/Frameworks/Intents.framework; sourceTree = SDKROOT; };
		C2E5DE9A28718A9800503F55 /* IntentHandler.swift */ = {isa = PBXFileReference; lastKnownFileType = sourcecode.swift; path = IntentHandler.swift; sourceTree = "<group>"; };
		C2E5DE9C28718A9800503F55 /* Info.plist */ = {isa = PBXFileReference; lastKnownFileType = text.plist.xml; path = Info.plist; sourceTree = "<group>"; };
/* End PBXFileReference section */

/* Begin PBXFrameworksBuildPhase section */
		C234889B2870954A006EC104 /* Frameworks */ = {
			isa = PBXFrameworksBuildPhase;
			buildActionMask = 2147483647;
			files = (
				C23488B128709F55006EC104 /* FeedKit in Frameworks */,
			);
			runOnlyForDeploymentPostprocessing = 0;
		};
		C23488C02871686B006EC104 /* Frameworks */ = {
			isa = PBXFrameworksBuildPhase;
			buildActionMask = 2147483647;
			files = (
				C23488C82871686B006EC104 /* SwiftUI.framework in Frameworks */,
				C23488C62871686B006EC104 /* WidgetKit.framework in Frameworks */,
			);
			runOnlyForDeploymentPostprocessing = 0;
		};
		C2E5DE9328718A9800503F55 /* Frameworks */ = {
			isa = PBXFrameworksBuildPhase;
			buildActionMask = 2147483647;
			files = (
				C2E5DE9828718A9800503F55 /* Intents.framework in Frameworks */,
			);
			runOnlyForDeploymentPostprocessing = 0;
		};
/* End PBXFrameworksBuildPhase section */

/* Begin PBXGroup section */
		0C95A5D22877018500F42DC6 /* MapWidget */ = {
			isa = PBXGroup;
			children = (
			);
			path = MapWidget;
			sourceTree = "<group>";
		};
		0CBAE55729113E8100F20688 /* ClockWidget */ = {
			isa = PBXGroup;
			children = (
				0CBAE55829113EBF00F20688 /* WBClockWidget.swift */,
				0CBAE55A29113EDA00F20688 /* WBClockWidgetEntryView.swift */,
				0CBAE55C29113EFA00F20688 /* WBClockWidgetModel.swift */,
			);
			path = ClockWidget;
			sourceTree = "<group>";
		};
		C23488952870954A006EC104 = {
			isa = PBXGroup;
			children = (
				C2A19AA128718D9600831BF8 /* MainWidgetExtension.entitlements */,
				C23488E32871750C006EC104 /* Shared */,
				C23488A02870954A006EC104 /* WBWidgetDemo */,
				C23488C92871686B006EC104 /* MainWidget */,
				C2E5DE9928718A9800503F55 /* IntentHandler */,
				C23488C42871686B006EC104 /* Frameworks */,
				C234889F2870954A006EC104 /* Products */,
			);
			sourceTree = "<group>";
		};
		C234889F2870954A006EC104 /* Products */ = {
			isa = PBXGroup;
			children = (
				C234889E2870954A006EC104 /* WBWidgetDemo.app */,
				C23488C32871686B006EC104 /* MainWidgetExtension.appex */,
				C2E5DE9628718A9800503F55 /* IntentHandler.appex */,
			);
			name = Products;
			sourceTree = "<group>";
		};
		C23488A02870954A006EC104 /* WBWidgetDemo */ = {
			isa = PBXGroup;
			children = (
				C23488F228717C37006EC104 /* Info.plist */,
				C23488DE287172A7006EC104 /* WBWidgetDemo.entitlements */,
				C23488B428709F80006EC104 /* View */,
				C23488B228709F6F006EC104 /* Model */,
				C23488A12870954A006EC104 /* WBWidgetDemoApp.swift */,
				C23488A32870954A006EC104 /* ContentView.swift */,
				C23488E1287174DA006EC104 /* ContentView1.swift */,
				0C07D1F728770C200098A51F /* MapWidgetEntryView.swift */,
				C23488A52870954C006EC104 /* Assets.xcassets */,
				C23488A72870954C006EC104 /* Preview Content */,
			);
			path = WBWidgetDemo;
			sourceTree = "<group>";
		};
		C23488A72870954C006EC104 /* Preview Content */ = {
			isa = PBXGroup;
			children = (
				C23488A82870954C006EC104 /* Preview Assets.xcassets */,
			);
			path = "Preview Content";
			sourceTree = "<group>";
		};
		C23488B228709F6F006EC104 /* Model */ = {
			isa = PBXGroup;
			children = (
				C23488B528709FB0006EC104 /* OneWordData.swift */,
				C23488B728714B09006EC104 /* RSSData.swift */,
				C23488B928714B7D006EC104 /* IdiomData.swift */,
				C23488BB28714BE0006EC104 /* EnglishWordData.swift */,
			);
			path = Model;
			sourceTree = "<group>";
		};
		C23488B428709F80006EC104 /* View */ = {
			isa = PBXGroup;
			children = (
				C23488BD28714D17006EC104 /* PayToolsView.swift */,
			);
			path = View;
			sourceTree = "<group>";
		};
		C23488C42871686B006EC104 /* Frameworks */ = {
			isa = PBXGroup;
			children = (
				C23488C52871686B006EC104 /* WidgetKit.framework */,
				C23488C72871686B006EC104 /* SwiftUI.framework */,
				C2E5DE9728718A9800503F55 /* Intents.framework */,
			);
			name = Frameworks;
			sourceTree = "<group>";
		};
		C23488C92871686B006EC104 /* MainWidget */ = {
			isa = PBXGroup;
			children = (
				C23488DA287168C3006EC104 /* Widget */,
				C23488D928716892006EC104 /* Intent */,
				C23488CA2871686B006EC104 /* MainWidget.swift */,
				C23488CD2871686D006EC104 /* Assets.xcassets */,
				C23488CF2871686D006EC104 /* Info.plist */,
			);
			path = MainWidget;
			sourceTree = "<group>";
		};
		C23488D928716892006EC104 /* Intent */ = {
			isa = PBXGroup;
			children = (
				C23488CC2871686B006EC104 /* MainWidget.intentdefinition */,
				C23488EF28717B38006EC104 /* DynamicPersonSelection.intentdefinition */,
			);
			path = Intent;
			sourceTree = "<group>";
		};
		C23488DA287168C3006EC104 /* Widget */ = {
			isa = PBXGroup;
			children = (
				0CBAE55729113E8100F20688 /* ClockWidget */,
				0C95A5D22877018500F42DC6 /* MapWidget */,
				C23488E02871746D006EC104 /* DynamicIntentWidget */,
				C23488DF28717429006EC104 /* PlayTools */,
			);
			path = Widget;
			sourceTree = "<group>";
		};
		C23488DF28717429006EC104 /* PlayTools */ = {
			isa = PBXGroup;
			children = (
				C23488DB2871696A006EC104 /* PlayTools.swift */,
			);
			path = PlayTools;
			sourceTree = "<group>";
		};
		C23488E02871746D006EC104 /* DynamicIntentWidget */ = {
			isa = PBXGroup;
			children = (
				C23488ED28717AF5006EC104 /* DynamicIntentWidget.swift */,
			);
			path = DynamicIntentWidget;
			sourceTree = "<group>";
		};
		C23488E32871750C006EC104 /* Shared */ = {
			isa = PBXGroup;
			children = (
				C23488E42871751A006EC104 /* Models */,
				C23488E728717558006EC104 /* FileManager+Ext.swift */,
				C23488E928717567006EC104 /* UserDefaults+Ext.swift */,
				C23488EB28717572006EC104 /* Widget+Kind.swift */,
			);
			path = Shared;
			sourceTree = "<group>";
		};
		C23488E42871751A006EC104 /* Models */ = {
			isa = PBXGroup;
			children = (
				C23488E52871752F006EC104 /* Contact.swift */,
			);
			path = Models;
			sourceTree = "<group>";
		};
		C2E5DE9928718A9800503F55 /* IntentHandler */ = {
			isa = PBXGroup;
			children = (
				C2A19AA228718DBE00831BF8 /* IntentHandler.entitlements */,
				C2E5DE9A28718A9800503F55 /* IntentHandler.swift */,
				C2E5DE9C28718A9800503F55 /* Info.plist */,
			);
			path = IntentHandler;
			sourceTree = "<group>";
		};
/* End PBXGroup section */

/* Begin PBXNativeTarget section */
		C234889D2870954A006EC104 /* WBWidgetDemo */ = {
			isa = PBXNativeTarget;
			buildConfigurationList = C23488AC2870954C006EC104 /* Build configuration list for PBXNativeTarget "WBWidgetDemo" */;
			buildPhases = (
				C234889A2870954A006EC104 /* Sources */,
				C234889B2870954A006EC104 /* Frameworks */,
				C234889C2870954A006EC104 /* Resources */,
				C23488D82871686D006EC104 /* Embed App Extensions */,
			);
			buildRules = (
			);
			dependencies = (
				C23488D32871686D006EC104 /* PBXTargetDependency */,
				C2E5DE9E28718A9800503F55 /* PBXTargetDependency */,
			);
			name = WBWidgetDemo;
			packageProductDependencies = (
				C23488B028709F55006EC104 /* FeedKit */,
			);
			productName = WBWidgetDemo;
			productReference = C234889E2870954A006EC104 /* WBWidgetDemo.app */;
			productType = "com.apple.product-type.application";
		};
		C23488C22871686B006EC104 /* MainWidgetExtension */ = {
			isa = PBXNativeTarget;
			buildConfigurationList = C23488D52871686D006EC104 /* Build configuration list for PBXNativeTarget "MainWidgetExtension" */;
			buildPhases = (
				C23488BF2871686B006EC104 /* Sources */,
				C23488C02871686B006EC104 /* Frameworks */,
				C23488C12871686B006EC104 /* Resources */,
			);
			buildRules = (
			);
			dependencies = (
			);
			name = MainWidgetExtension;
			productName = MainWidgetExtension;
			productReference = C23488C32871686B006EC104 /* MainWidgetExtension.appex */;
			productType = "com.apple.product-type.app-extension";
		};
		C2E5DE9528718A9800503F55 /* IntentHandler */ = {
			isa = PBXNativeTarget;
			buildConfigurationList = C2E5DEA228718A9800503F55 /* Build configuration list for PBXNativeTarget "IntentHandler" */;
			buildPhases = (
				C2E5DE9228718A9800503F55 /* Sources */,
				C2E5DE9328718A9800503F55 /* Frameworks */,
				C2E5DE9428718A9800503F55 /* Resources */,
			);
			buildRules = (
			);
			dependencies = (
			);
			name = IntentHandler;
			productName = IntentHandler;
			productReference = C2E5DE9628718A9800503F55 /* IntentHandler.appex */;
			productType = "com.apple.product-type.app-extension";
		};
/* End PBXNativeTarget section */

/* Begin PBXProject section */
		C23488962870954A006EC104 /* Project object */ = {
			isa = PBXProject;
			attributes = {
				BuildIndependentTargetsInParallel = 1;
				LastSwiftUpdateCheck = 1320;
				LastUpgradeCheck = 1320;
				TargetAttributes = {
					C234889D2870954A006EC104 = {
						CreatedOnToolsVersion = 13.2.1;
					};
					C23488C22871686B006EC104 = {
						CreatedOnToolsVersion = 13.2.1;
					};
					C2E5DE9528718A9800503F55 = {
						CreatedOnToolsVersion = 13.2.1;
					};
				};
			};
			buildConfigurationList = C23488992870954A006EC104 /* Build configuration list for PBXProject "WBWidgetDemo" */;
			compatibilityVersion = "Xcode 13.0";
			developmentRegion = en;
			hasScannedForEncodings = 0;
			knownRegions = (
				en,
				Base,
			);
			mainGroup = C23488952870954A006EC104;
			packageReferences = (
				C23488AF28709F55006EC104 /* XCRemoteSwiftPackageReference "FeedKit" */,
			);
			productRefGroup = C234889F2870954A006EC104 /* Products */;
			projectDirPath = "";
			projectRoot = "";
			targets = (
				C234889D2870954A006EC104 /* WBWidgetDemo */,
				C23488C22871686B006EC104 /* MainWidgetExtension */,
				C2E5DE9528718A9800503F55 /* IntentHandler */,
			);
		};
/* End PBXProject section */

/* Begin PBXResourcesBuildPhase section */
		C234889C2870954A006EC104 /* Resources */ = {
			isa = PBXResourcesBuildPhase;
			buildActionMask = 2147483647;
			files = (
				C23488A92870954C006EC104 /* Preview Assets.xcassets in Resources */,
				C23488A62870954C006EC104 /* Assets.xcassets in Resources */,
			);
			runOnlyForDeploymentPostprocessing = 0;
		};
		C23488C12871686B006EC104 /* Resources */ = {
			isa = PBXResourcesBuildPhase;
			buildActionMask = 2147483647;
			files = (
				C23488CE2871686D006EC104 /* Assets.xcassets in Resources */,
			);
			runOnlyForDeploymentPostprocessing = 0;
		};
		C2E5DE9428718A9800503F55 /* Resources */ = {
			isa = PBXResourcesBuildPhase;
			buildActionMask = 2147483647;
			files = (
			);
			runOnlyForDeploymentPostprocessing = 0;
		};
/* End PBXResourcesBuildPhase section */

/* Begin PBXSourcesBuildPhase section */
		C234889A2870954A006EC104 /* Sources */ = {
			isa = PBXSourcesBuildPhase;
			buildActionMask = 2147483647;
			files = (
				C23488BC28714BE0006EC104 /* EnglishWordData.swift in Sources */,
				C23488A42870954A006EC104 /* ContentView.swift in Sources */,
				C23488EC28717572006EC104 /* Widget+Kind.swift in Sources */,
				C23488E62871752F006EC104 /* Contact.swift in Sources */,
				C23488B628709FB0006EC104 /* OneWordData.swift in Sources */,
				C23488B828714B09006EC104 /* RSSData.swift in Sources */,
				C23488A22870954A006EC104 /* WBWidgetDemoApp.swift in Sources */,
				C23488E828717558006EC104 /* FileManager+Ext.swift in Sources */,
				0C07D1FA28770C9D0098A51F /* MapWidgetEntryView.swift in Sources */,
				C23488D12871686D006EC104 /* MainWidget.intentdefinition in Sources */,
				C23488EA28717567006EC104 /* UserDefaults+Ext.swift in Sources */,
				C23488F028717B38006EC104 /* DynamicPersonSelection.intentdefinition in Sources */,
				C23488E2287174DA006EC104 /* ContentView1.swift in Sources */,
				C23488BE28714D17006EC104 /* PayToolsView.swift in Sources */,
				C23488BA28714B7D006EC104 /* IdiomData.swift in Sources */,
			);
			runOnlyForDeploymentPostprocessing = 0;
		};
		C23488BF2871686B006EC104 /* Sources */ = {
			isa = PBXSourcesBuildPhase;
			buildActionMask = 2147483647;
			files = (
				C23488CB2871686B006EC104 /* MainWidget.swift in Sources */,
				C23488D02871686D006EC104 /* MainWidget.intentdefinition in Sources */,
				C23488F128717B38006EC104 /* DynamicPersonSelection.intentdefinition in Sources */,
				C23488DC2871696A006EC104 /* PlayTools.swift in Sources */,
				C23488F428717D90006EC104 /* UserDefaults+Ext.swift in Sources */,
				0CBAE55D29113EFA00F20688 /* WBClockWidgetModel.swift in Sources */,
				0CBAE55B29113EDA00F20688 /* WBClockWidgetEntryView.swift in Sources */,
				0CBAE55929113EBF00F20688 /* WBClockWidget.swift in Sources */,
				C23488DD28716C5E006EC104 /* PayToolsView.swift in Sources */,
				C23488EE28717AF5006EC104 /* DynamicIntentWidget.swift in Sources */,
				C23488F52871803C006EC104 /* Widget+Kind.swift in Sources */,
				C23488F328717CFB006EC104 /* Contact.swift in Sources */,
			);
			runOnlyForDeploymentPostprocessing = 0;
		};
		C2E5DE9228718A9800503F55 /* Sources */ = {
			isa = PBXSourcesBuildPhase;
			buildActionMask = 2147483647;
			files = (
				C2E5DEA728718C1800503F55 /* UserDefaults+Ext.swift in Sources */,
				C2E5DEA628718B8900503F55 /* Contact.swift in Sources */,
				C2E5DEA528718B2000503F55 /* DynamicPersonSelection.intentdefinition in Sources */,
				C2E5DE9B28718A9800503F55 /* IntentHandler.swift in Sources */,
			);
			runOnlyForDeploymentPostprocessing = 0;
		};
/* End PBXSourcesBuildPhase section */

/* Begin PBXTargetDependency section */
		C23488D32871686D006EC104 /* PBXTargetDependency */ = {
			isa = PBXTargetDependency;
			target = C23488C22871686B006EC104 /* MainWidgetExtension */;
			targetProxy = C23488D22871686D006EC104 /* PBXContainerItemProxy */;
		};
		C2E5DE9E28718A9800503F55 /* PBXTargetDependency */ = {
			isa = PBXTargetDependency;
			target = C2E5DE9528718A9800503F55 /* IntentHandler */;
			targetProxy = C2E5DE9D28718A9800503F55 /* PBXContainerItemProxy */;
		};
/* End PBXTargetDependency section */

/* Begin XCBuildConfiguration section */
		C23488AA2870954C006EC104 /* Debug */ = {
			isa = XCBuildConfiguration;
			buildSettings = {
				ALWAYS_SEARCH_USER_PATHS = NO;
				CLANG_ANALYZER_NONNULL = YES;
				CLANG_ANALYZER_NUMBER_OBJECT_CONVERSION = YES_AGGRESSIVE;
				CLANG_CXX_LANGUAGE_STANDARD = "gnu++17";
				CLANG_CXX_LIBRARY = "libc++";
				CLANG_ENABLE_MODULES = YES;
				CLANG_ENABLE_OBJC_ARC = YES;
				CLANG_ENABLE_OBJC_WEAK = YES;
				CLANG_WARN_BLOCK_CAPTURE_AUTORELEASING = YES;
				CLANG_WARN_BOOL_CONVERSION = YES;
				CLANG_WARN_COMMA = YES;
				CLANG_WARN_CONSTANT_CONVERSION = YES;
				CLANG_WARN_DEPRECATED_OBJC_IMPLEMENTATIONS = YES;
				CLANG_WARN_DIRECT_OBJC_ISA_USAGE = YES_ERROR;
				CLANG_WARN_DOCUMENTATION_COMMENTS = YES;
				CLANG_WARN_EMPTY_BODY = YES;
				CLANG_WARN_ENUM_CONVERSION = YES;
				CLANG_WARN_INFINITE_RECURSION = YES;
				CLANG_WARN_INT_CONVERSION = YES;
				CLANG_WARN_NON_LITERAL_NULL_CONVERSION = YES;
				CLANG_WARN_OBJC_IMPLICIT_RETAIN_SELF = YES;
				CLANG_WARN_OBJC_LITERAL_CONVERSION = YES;
				CLANG_WARN_OBJC_ROOT_CLASS = YES_ERROR;
				CLANG_WARN_QUOTED_INCLUDE_IN_FRAMEWORK_HEADER = YES;
				CLANG_WARN_RANGE_LOOP_ANALYSIS = YES;
				CLANG_WARN_STRICT_PROTOTYPES = YES;
				CLANG_WARN_SUSPICIOUS_MOVE = YES;
				CLANG_WARN_UNGUARDED_AVAILABILITY = YES_AGGRESSIVE;
				CLANG_WARN_UNREACHABLE_CODE = YES;
				CLANG_WARN__DUPLICATE_METHOD_MATCH = YES;
				COPY_PHASE_STRIP = NO;
				DEBUG_INFORMATION_FORMAT = dwarf;
				ENABLE_STRICT_OBJC_MSGSEND = YES;
				ENABLE_TESTABILITY = YES;
				GCC_C_LANGUAGE_STANDARD = gnu11;
				GCC_DYNAMIC_NO_PIC = NO;
				GCC_NO_COMMON_BLOCKS = YES;
				GCC_OPTIMIZATION_LEVEL = 0;
				GCC_PREPROCESSOR_DEFINITIONS = (
					"DEBUG=1",
					"$(inherited)",
				);
				GCC_WARN_64_TO_32_BIT_CONVERSION = YES;
				GCC_WARN_ABOUT_RETURN_TYPE = YES_ERROR;
				GCC_WARN_UNDECLARED_SELECTOR = YES;
				GCC_WARN_UNINITIALIZED_AUTOS = YES_AGGRESSIVE;
				GCC_WARN_UNUSED_FUNCTION = YES;
				GCC_WARN_UNUSED_VARIABLE = YES;
				IPHONEOS_DEPLOYMENT_TARGET = 15.2;
				MTL_ENABLE_DEBUG_INFO = INCLUDE_SOURCE;
				MTL_FAST_MATH = YES;
				ONLY_ACTIVE_ARCH = YES;
				SDKROOT = iphoneos;
				SWIFT_ACTIVE_COMPILATION_CONDITIONS = DEBUG;
				SWIFT_OPTIMIZATION_LEVEL = "-Onone";
			};
			name = Debug;
		};
		C23488AB2870954C006EC104 /* Release */ = {
			isa = XCBuildConfiguration;
			buildSettings = {
				ALWAYS_SEARCH_USER_PATHS = NO;
				CLANG_ANALYZER_NONNULL = YES;
				CLANG_ANALYZER_NUMBER_OBJECT_CONVERSION = YES_AGGRESSIVE;
				CLANG_CXX_LANGUAGE_STANDARD = "gnu++17";
				CLANG_CXX_LIBRARY = "libc++";
				CLANG_ENABLE_MODULES = YES;
				CLANG_ENABLE_OBJC_ARC = YES;
				CLANG_ENABLE_OBJC_WEAK = YES;
				CLANG_WARN_BLOCK_CAPTURE_AUTORELEASING = YES;
				CLANG_WARN_BOOL_CONVERSION = YES;
				CLANG_WARN_COMMA = YES;
				CLANG_WARN_CONSTANT_CONVERSION = YES;
				CLANG_WARN_DEPRECATED_OBJC_IMPLEMENTATIONS = YES;
				CLANG_WARN_DIRECT_OBJC_ISA_USAGE = YES_ERROR;
				CLANG_WARN_DOCUMENTATION_COMMENTS = YES;
				CLANG_WARN_EMPTY_BODY = YES;
				CLANG_WARN_ENUM_CONVERSION = YES;
				CLANG_WARN_INFINITE_RECURSION = YES;
				CLANG_WARN_INT_CONVERSION = YES;
				CLANG_WARN_NON_LITERAL_NULL_CONVERSION = YES;
				CLANG_WARN_OBJC_IMPLICIT_RETAIN_SELF = YES;
				CLANG_WARN_OBJC_LITERAL_CONVERSION = YES;
				CLANG_WARN_OBJC_ROOT_CLASS = YES_ERROR;
				CLANG_WARN_QUOTED_INCLUDE_IN_FRAMEWORK_HEADER = YES;
				CLANG_WARN_RANGE_LOOP_ANALYSIS = YES;
				CLANG_WARN_STRICT_PROTOTYPES = YES;
				CLANG_WARN_SUSPICIOUS_MOVE = YES;
				CLANG_WARN_UNGUARDED_AVAILABILITY = YES_AGGRESSIVE;
				CLANG_WARN_UNREACHABLE_CODE = YES;
				CLANG_WARN__DUPLICATE_METHOD_MATCH = YES;
				COPY_PHASE_STRIP = NO;
				DEBUG_INFORMATION_FORMAT = "dwarf-with-dsym";
				ENABLE_NS_ASSERTIONS = NO;
				ENABLE_STRICT_OBJC_MSGSEND = YES;
				GCC_C_LANGUAGE_STANDARD = gnu11;
				GCC_NO_COMMON_BLOCKS = YES;
				GCC_WARN_64_TO_32_BIT_CONVERSION = YES;
				GCC_WARN_ABOUT_RETURN_TYPE = YES_ERROR;
				GCC_WARN_UNDECLARED_SELECTOR = YES;
				GCC_WARN_UNINITIALIZED_AUTOS = YES_AGGRESSIVE;
				GCC_WARN_UNUSED_FUNCTION = YES;
				GCC_WARN_UNUSED_VARIABLE = YES;
				IPHONEOS_DEPLOYMENT_TARGET = 15.2;
				MTL_ENABLE_DEBUG_INFO = NO;
				MTL_FAST_MATH = YES;
				SDKROOT = iphoneos;
				SWIFT_COMPILATION_MODE = wholemodule;
				SWIFT_OPTIMIZATION_LEVEL = "-O";
				VALIDATE_PRODUCT = YES;
			};
			name = Release;
		};
		C23488AD2870954C006EC104 /* Debug */ = {
			isa = XCBuildConfiguration;
			buildSettings = {
				ALWAYS_EMBED_SWIFT_STANDARD_LIBRARIES = YES;
				ASSETCATALOG_COMPILER_APPICON_NAME = AppIcon;
				ASSETCATALOG_COMPILER_GLOBAL_ACCENT_COLOR_NAME = AccentColor;
				CODE_SIGN_ENTITLEMENTS = WBWidgetDemo/WBWidgetDemo.entitlements;
				CODE_SIGN_STYLE = Automatic;
				CURRENT_PROJECT_VERSION = 1;
				DEVELOPMENT_ASSET_PATHS = "\"WBWidgetDemo/Preview Content\"";
				DEVELOPMENT_TEAM = QQ3SYJEQ3V;
				ENABLE_PREVIEWS = YES;
				GENERATE_INFOPLIST_FILE = YES;
				INFOPLIST_FILE = WBWidgetDemo/Info.plist;
				INFOPLIST_KEY_UIApplicationSceneManifest_Generation = YES;
				INFOPLIST_KEY_UIApplicationSupportsIndirectInputEvents = YES;
				INFOPLIST_KEY_UILaunchScreen_Generation = YES;
				INFOPLIST_KEY_UISupportedInterfaceOrientations_iPad = "UIInterfaceOrientationPortrait UIInterfaceOrientationPortraitUpsideDown UIInterfaceOrientationLandscapeLeft UIInterfaceOrientationLandscapeRight";
				INFOPLIST_KEY_UISupportedInterfaceOrientations_iPhone = "UIInterfaceOrientationPortrait UIInterfaceOrientationLandscapeLeft UIInterfaceOrientationLandscapeRight";
				LD_RUNPATH_SEARCH_PATHS = (
					"$(inherited)",
					"@executable_path/Frameworks",
				);
				MARKETING_VERSION = 1.0;
				PRODUCT_BUNDLE_IDENTIFIER = wenbo.WBWidgetDemo;
				PRODUCT_NAME = "$(TARGET_NAME)";
				SWIFT_EMIT_LOC_STRINGS = YES;
				SWIFT_VERSION = 5.0;
				TARGETED_DEVICE_FAMILY = "1,2";
			};
			name = Debug;
		};
		C23488AE2870954C006EC104 /* Release */ = {
			isa = XCBuildConfiguration;
			buildSettings = {
				ALWAYS_EMBED_SWIFT_STANDARD_LIBRARIES = YES;
				ASSETCATALOG_COMPILER_APPICON_NAME = AppIcon;
				ASSETCATALOG_COMPILER_GLOBAL_ACCENT_COLOR_NAME = AccentColor;
				CODE_SIGN_ENTITLEMENTS = WBWidgetDemo/WBWidgetDemo.entitlements;
				CODE_SIGN_STYLE = Automatic;
				CURRENT_PROJECT_VERSION = 1;
				DEVELOPMENT_ASSET_PATHS = "\"WBWidgetDemo/Preview Content\"";
				ENABLE_PREVIEWS = YES;
				GENERATE_INFOPLIST_FILE = YES;
				INFOPLIST_FILE = WBWidgetDemo/Info.plist;
				INFOPLIST_KEY_UIApplicationSceneManifest_Generation = YES;
				INFOPLIST_KEY_UIApplicationSupportsIndirectInputEvents = YES;
				INFOPLIST_KEY_UILaunchScreen_Generation = YES;
				INFOPLIST_KEY_UISupportedInterfaceOrientations_iPad = "UIInterfaceOrientationPortrait UIInterfaceOrientationPortraitUpsideDown UIInterfaceOrientationLandscapeLeft UIInterfaceOrientationLandscapeRight";
				INFOPLIST_KEY_UISupportedInterfaceOrientations_iPhone = "UIInterfaceOrientationPortrait UIInterfaceOrientationLandscapeLeft UIInterfaceOrientationLandscapeRight";
				LD_RUNPATH_SEARCH_PATHS = (
					"$(inherited)",
					"@executable_path/Frameworks",
				);
				MARKETING_VERSION = 1.0;
				PRODUCT_BUNDLE_IDENTIFIER = wenbo.WBWidgetDemo;
				PRODUCT_NAME = "$(TARGET_NAME)";
				SWIFT_EMIT_LOC_STRINGS = YES;
				SWIFT_VERSION = 5.0;
				TARGETED_DEVICE_FAMILY = "1,2";
			};
			name = Release;
		};
		C23488D62871686D006EC104 /* Debug */ = {
			isa = XCBuildConfiguration;
			buildSettings = {
				ASSETCATALOG_COMPILER_GLOBAL_ACCENT_COLOR_NAME = AccentColor;
				ASSETCATALOG_COMPILER_WIDGET_BACKGROUND_COLOR_NAME = WidgetBackground;
				CODE_SIGN_ENTITLEMENTS = MainWidgetExtension.entitlements;
				CODE_SIGN_STYLE = Automatic;
				CURRENT_PROJECT_VERSION = 1;
				DEVELOPMENT_TEAM = QQ3SYJEQ3V;
				GENERATE_INFOPLIST_FILE = YES;
				INFOPLIST_FILE = MainWidget/Info.plist;
				INFOPLIST_KEY_CFBundleDisplayName = MainWidget;
				INFOPLIST_KEY_NSHumanReadableCopyright = "";
				LD_RUNPATH_SEARCH_PATHS = (
					"$(inherited)",
					"@executable_path/Frameworks",
					"@executable_path/../../Frameworks",
				);
				MARKETING_VERSION = 1.0;
				PRODUCT_BUNDLE_IDENTIFIER = wenbo.WBWidgetDemo.MainWidget;
				PRODUCT_NAME = "$(TARGET_NAME)";
				SKIP_INSTALL = YES;
				SWIFT_EMIT_LOC_STRINGS = YES;
				SWIFT_VERSION = 5.0;
				TARGETED_DEVICE_FAMILY = "1,2";
			};
			name = Debug;
		};
		C23488D72871686D006EC104 /* Release */ = {
			isa = XCBuildConfiguration;
			buildSettings = {
				ASSETCATALOG_COMPILER_GLOBAL_ACCENT_COLOR_NAME = AccentColor;
				ASSETCATALOG_COMPILER_WIDGET_BACKGROUND_COLOR_NAME = WidgetBackground;
				CODE_SIGN_ENTITLEMENTS = MainWidgetExtension.entitlements;
				CODE_SIGN_STYLE = Automatic;
				CURRENT_PROJECT_VERSION = 1;
				GENERATE_INFOPLIST_FILE = YES;
				INFOPLIST_FILE = MainWidget/Info.plist;
				INFOPLIST_KEY_CFBundleDisplayName = MainWidget;
				INFOPLIST_KEY_NSHumanReadableCopyright = "";
				LD_RUNPATH_SEARCH_PATHS = (
					"$(inherited)",
					"@executable_path/Frameworks",
					"@executable_path/../../Frameworks",
				);
				MARKETING_VERSION = 1.0;
				PRODUCT_BUNDLE_IDENTIFIER = wenbo.WBWidgetDemo.MainWidget;
				PRODUCT_NAME = "$(TARGET_NAME)";
				SKIP_INSTALL = YES;
				SWIFT_EMIT_LOC_STRINGS = YES;
				SWIFT_VERSION = 5.0;
				TARGETED_DEVICE_FAMILY = "1,2";
			};
			name = Release;
		};
		C2E5DEA028718A9800503F55 /* Debug */ = {
			isa = XCBuildConfiguration;
			buildSettings = {
				CODE_SIGN_ENTITLEMENTS = IntentHandler/IntentHandler.entitlements;
				CODE_SIGN_STYLE = Automatic;
				CURRENT_PROJECT_VERSION = 1;
				DEVELOPMENT_TEAM = QQ3SYJEQ3V;
				GENERATE_INFOPLIST_FILE = YES;
				INFOPLIST_FILE = IntentHandler/Info.plist;
				INFOPLIST_KEY_CFBundleDisplayName = IntentHandler;
				INFOPLIST_KEY_NSHumanReadableCopyright = "";
				LD_RUNPATH_SEARCH_PATHS = (
					"$(inherited)",
					"@executable_path/Frameworks",
					"@executable_path/../../Frameworks",
				);
				MARKETING_VERSION = 1.0;
				PRODUCT_BUNDLE_IDENTIFIER = wenbo.WBWidgetDemo.IntentHandler;
				PRODUCT_NAME = "$(TARGET_NAME)";
				SKIP_INSTALL = YES;
				SWIFT_EMIT_LOC_STRINGS = YES;
				SWIFT_VERSION = 5.0;
				TARGETED_DEVICE_FAMILY = "1,2";
			};
			name = Debug;
		};
		C2E5DEA128718A9800503F55 /* Release */ = {
			isa = XCBuildConfiguration;
			buildSettings = {
				CODE_SIGN_ENTITLEMENTS = IntentHandler/IntentHandler.entitlements;
				CODE_SIGN_STYLE = Automatic;
				CURRENT_PROJECT_VERSION = 1;
				GENERATE_INFOPLIST_FILE = YES;
				INFOPLIST_FILE = IntentHandler/Info.plist;
				INFOPLIST_KEY_CFBundleDisplayName = IntentHandler;
				INFOPLIST_KEY_NSHumanReadableCopyright = "";
				LD_RUNPATH_SEARCH_PATHS = (
					"$(inherited)",
					"@executable_path/Frameworks",
					"@executable_path/../../Frameworks",
				);
				MARKETING_VERSION = 1.0;
				PRODUCT_BUNDLE_IDENTIFIER = wenbo.WBWidgetDemo.IntentHandler;
				PRODUCT_NAME = "$(TARGET_NAME)";
				SKIP_INSTALL = YES;
				SWIFT_EMIT_LOC_STRINGS = YES;
				SWIFT_VERSION = 5.0;
				TARGETED_DEVICE_FAMILY = "1,2";
			};
			name = Release;
		};
/* End XCBuildConfiguration section */

/* Begin XCConfigurationList section */
		C23488992870954A006EC104 /* Build configuration list for PBXProject "WBWidgetDemo" */ = {
			isa = XCConfigurationList;
			buildConfigurations = (
				C23488AA2870954C006EC104 /* Debug */,
				C23488AB2870954C006EC104 /* Release */,
			);
			defaultConfigurationIsVisible = 0;
			defaultConfigurationName = Release;
		};
		C23488AC2870954C006EC104 /* Build configuration list for PBXNativeTarget "WBWidgetDemo" */ = {
			isa = XCConfigurationList;
			buildConfigurations = (
				C23488AD2870954C006EC104 /* Debug */,
				C23488AE2870954C006EC104 /* Release */,
			);
			defaultConfigurationIsVisible = 0;
			defaultConfigurationName = Release;
		};
		C23488D52871686D006EC104 /* Build configuration list for PBXNativeTarget "MainWidgetExtension" */ = {
			isa = XCConfigurationList;
			buildConfigurations = (
				C23488D62871686D006EC104 /* Debug */,
				C23488D72871686D006EC104 /* Release */,
			);
			defaultConfigurationIsVisible = 0;
			defaultConfigurationName = Release;
		};
		C2E5DEA228718A9800503F55 /* Build configuration list for PBXNativeTarget "IntentHandler" */ = {
			isa = XCConfigurationList;
			buildConfigurations = (
				C2E5DEA028718A9800503F55 /* Debug */,
				C2E5DEA128718A9800503F55 /* Release */,
			);
			defaultConfigurationIsVisible = 0;
			defaultConfigurationName = Release;
		};
/* End XCConfigurationList section */

/* Begin XCRemoteSwiftPackageReference section */
		C23488AF28709F55006EC104 /* XCRemoteSwiftPackageReference "FeedKit" */ = {
			isa = XCRemoteSwiftPackageReference;
			repositoryURL = "https://github.com/nmdias/FeedKit.git";
			requirement = {
				kind = upToNextMajorVersion;
				minimumVersion = 9.0.0;
			};
		};
/* End XCRemoteSwiftPackageReference section */

/* Begin XCSwiftPackageProductDependency section */
		C23488B028709F55006EC104 /* FeedKit */ = {
			isa = XCSwiftPackageProductDependency;
			package = C23488AF28709F55006EC104 /* XCRemoteSwiftPackageReference "FeedKit" */;
			productName = FeedKit;
		};
/* End XCSwiftPackageProductDependency section */
	};
	rootObject = C23488962870954A006EC104 /* Project object */;
}
